
Microsoft Visual Studio Solution File, Format Version 12.00
# Visual Studio Version 17
VisualStudioVersion = 17.4.33103.184
MinimumVisualStudioVersion = 10.0.40219.1
Project("{9A19103F-16F7-4668-BE54-9A1E7A4F7556}") = "001_exercise", "001_exercise\001_exercise.csproj", "{546B7109-73B0-40B2-BFDF-9E8044B41366}"
EndProject
Project("{9A19103F-16F7-4668-BE54-9A1E7A4F7556}") = "002_exercise", "002_exercise\002_exercise.csproj", "{2CC92249-4853-417B-B4FB-53DDB3B34B51}"
EndProject
Project("{9A19103F-16F7-4668-BE54-9A1E7A4F7556}") = "003_exercise", "003_exercise\003_exercise.csproj", "{6F287A82-592F-435C-8AEF-80BD5E5EFED4}"
EndProject
Project("{FAE04EC0-301F-11D3-BF4B-00C04F79EFBC}") = "004_exercise", "004_exercise\004_exercise.csproj", "{E1874E29-3351-4EB5-BFC6-514B39E45186}"
EndProject
Project("{FAE04EC0-301F-11D3-BF4B-00C04F79EFBC}") = "005_exercise", "005_exercise\005_exercise.csproj", "{23760D91-5B5C-442F-8D95-DC4AE6756150}"
EndProject
Project("{FAE04EC0-301F-11D3-BF4B-00C04F79EFBC}") = "006_exercise", "006_exercise\006_exercise.csproj", "{A819E4C6-66D5-4522-A3C3-1CB594A5467C}"
EndProject
Project("{FAE04EC0-301F-11D3-BF4B-00C04F79EFBC}") = "007_exercise", "007_exercise\007_exercise.csproj", "{F8516FA4-4537-4B7C-B0EB-189DFF348B83}"
EndProject
Global
	GlobalSection(SolutionConfigurationPlatforms) = preSolution
		Debug|Any CPU = Debug|Any CPU
		Release|Any CPU = Release|Any CPU
	EndGlobalSection
	GlobalSection(ProjectConfigurationPlatforms) = postSolution
		{546B7109-73B0-40B2-BFDF-9E8044B41366}.Debug|Any CPU.ActiveCfg = Debug|Any CPU
		{546B7109-73B0-40B2-BFDF-9E8044B41366}.Debug|Any CPU.Build.0 = Debug|Any CPU
		{546B7109-73B0-40B2-BFDF-9E8044B41366}.Release|Any CPU.ActiveCfg = Release|Any CPU
		{546B7109-73B0-40B2-BFDF-9E8044B41366}.Release|Any CPU.Build.0 = Release|Any CPU
		{2CC92249-4853-417B-B4FB-53DDB3B34B51}.Debug|Any CPU.ActiveCfg = Debug|Any CPU
		{2CC92249-4853-417B-B4FB-53DDB3B34B51}.Debug|Any CPU.Build.0 = Debug|Any CPU
		{2CC92249-4853-417B-B4FB-53DDB3B34B51}.Release|Any CPU.ActiveCfg = Release|Any CPU
		{2CC92249-4853-417B-B4FB-53DDB3B34B51}.Release|Any CPU.Build.0 = Release|Any CPU
		{6F287A82-592F-435C-8AEF-80BD5E5EFED4}.Debug|Any CPU.ActiveCfg = Debug|Any CPU
		{6F287A82-592F-435C-8AEF-80BD5E5EFED4}.Debug|Any CPU.Build.0 = Debug|Any CPU
		{6F287A82-592F-435C-8AEF-80BD5E5EFED4}.Release|Any CPU.ActiveCfg = Release|Any CPU
		{6F287A82-592F-435C-8AEF-80BD5E5EFED4}.Release|Any CPU.Build.0 = Release|Any CPU
		{E1874E29-3351-4EB5-BFC6-514B39E45186}.Debug|Any CPU.ActiveCfg = Debug|Any CPU
		{E1874E29-3351-4EB5-BFC6-514B39E45186}.Debug|Any CPU.Build.0 = Debug|Any CPU
		{E1874E29-3351-4EB5-BFC6-514B39E45186}.Release|Any CPU.ActiveCfg = Release|Any CPU
		{E1874E29-3351-4EB5-BFC6-514B39E45186}.Release|Any CPU.Build.0 = Release|Any CPU
		{23760D91-5B5C-442F-8D95-DC4AE6756150}.Debug|Any CPU.ActiveCfg = Debug|Any CPU
		{23760D91-5B5C-442F-8D95-DC4AE6756150}.Debug|Any CPU.Build.0 = Debug|Any CPU
		{23760D91-5B5C-442F-8D95-DC4AE6756150}.Release|Any CPU.ActiveCfg = Release|Any CPU
		{23760D91-5B5C-442F-8D95-DC4AE6756150}.Release|Any CPU.Build.0 = Release|Any CPU
		{A819E4C6-66D5-4522-A3C3-1CB594A5467C}.Debug|Any CPU.ActiveCfg = Debug|Any CPU
		{A819E4C6-66D5-4522-A3C3-1CB594A5467C}.Debug|Any CPU.Build.0 = Debug|Any CPU
		{A819E4C6-66D5-4522-A3C3-1CB594A5467C}.Release|Any CPU.ActiveCfg = Release|Any CPU
		{A819E4C6-66D5-4522-A3C3-1CB594A5467C}.Release|Any CPU.Build.0 = Release|Any CPU
		{F8516FA4-4537-4B7C-B0EB-189DFF348B83}.Debug|Any CPU.ActiveCfg = Debug|Any CPU
		{F8516FA4-4537-4B7C-B0EB-189DFF348B83}.Debug|Any CPU.Build.0 = Debug|Any CPU
		{F8516FA4-4537-4B7C-B0EB-189DFF348B83}.Release|Any CPU.ActiveCfg = Release|Any CPU
		{F8516FA4-4537-4B7C-B0EB-189DFF348B83}.Release|Any CPU.Build.0 = Release|Any CPU
	EndGlobalSection
	GlobalSection(SolutionProperties) = preSolution
		HideSolutionNode = FALSE
	EndGlobalSection
	GlobalSection(ExtensibilityGlobals) = postSolution
		SolutionGuid = {83E1CA90-34D1-4307-ACA3-641DCFBC9D12}
	EndGlobalSection
EndGlobal
