
Microsoft Visual Studio Solution File, Format Version 12.00
# Visual Studio Version 17
VisualStudioVersion = 17.4.33103.184
MinimumVisualStudioVersion = 10.0.40219.1
Project("{FAE04EC0-301F-11D3-BF4B-00C04F79EFBC}") = "001_exercise", "001_exercise\001_exercise.csproj", "{8A68AFD2-44B3-4514-8DC5-BAA4402EE420}"
EndProject
Project("{FAE04EC0-301F-11D3-BF4B-00C04F79EFBC}") = "002_exercise", "002_exercise\002_exercise.csproj", "{849957E8-585B-4146-8A47-0E59FDD79FAE}"
EndProject
Global
	GlobalSection(SolutionConfigurationPlatforms) = preSolution
		Debug|Any CPU = Debug|Any CPU
		Release|Any CPU = Release|Any CPU
	EndGlobalSection
	GlobalSection(ProjectConfigurationPlatforms) = postSolution
		{8A68AFD2-44B3-4514-8DC5-BAA4402EE420}.Debug|Any CPU.ActiveCfg = Debug|Any CPU
		{8A68AFD2-44B3-4514-8DC5-BAA4402EE420}.Debug|Any CPU.Build.0 = Debug|Any CPU
		{8A68AFD2-44B3-4514-8DC5-BAA4402EE420}.Release|Any CPU.ActiveCfg = Release|Any CPU
		{8A68AFD2-44B3-4514-8DC5-BAA4402EE420}.Release|Any CPU.Build.0 = Release|Any CPU
		{849957E8-585B-4146-8A47-0E59FDD79FAE}.Debug|Any CPU.ActiveCfg = Debug|Any CPU
		{849957E8-585B-4146-8A47-0E59FDD79FAE}.Debug|Any CPU.Build.0 = Debug|Any CPU
		{849957E8-585B-4146-8A47-0E59FDD79FAE}.Release|Any CPU.ActiveCfg = Release|Any CPU
		{849957E8-585B-4146-8A47-0E59FDD79FAE}.Release|Any CPU.Build.0 = Release|Any CPU
	EndGlobalSection
	GlobalSection(SolutionProperties) = preSolution
		HideSolutionNode = FALSE
	EndGlobalSection
	GlobalSection(ExtensibilityGlobals) = postSolution
		SolutionGuid = {4B27DFB5-1803-406A-92BA-51B6615142B4}
	EndGlobalSection
EndGlobal
