
Microsoft Visual Studio Solution File, Format Version 12.00
# Visual Studio Version 17
VisualStudioVersion = 17.4.33213.308
MinimumVisualStudioVersion = 10.0.40219.1
Project("{FAE04EC0-301F-11D3-BF4B-00C04F79EFBC}") = "Exercise.App", "Exercise.App\Exercise.App.csproj", "{7B5D520D-30F2-4AD9-BEB4-93813C73AC03}"
EndProject
Project("{FAE04EC0-301F-11D3-BF4B-00C04F79EFBC}") = "Exercise.Library", "Exercise.Library\Exercise.Library.csproj", "{46F258A4-1E2F-4498-BA97-9BBD7B09EBCC}"
EndProject
Global
	GlobalSection(SolutionConfigurationPlatforms) = preSolution
		Debug|Any CPU = Debug|Any CPU
		Release|Any CPU = Release|Any CPU
	EndGlobalSection
	GlobalSection(ProjectConfigurationPlatforms) = postSolution
		{7B5D520D-30F2-4AD9-BEB4-93813C73AC03}.Debug|Any CPU.ActiveCfg = Debug|Any CPU
		{7B5D520D-30F2-4AD9-BEB4-93813C73AC03}.Debug|Any CPU.Build.0 = Debug|Any CPU
		{7B5D520D-30F2-4AD9-BEB4-93813C73AC03}.Release|Any CPU.ActiveCfg = Release|Any CPU
		{7B5D520D-30F2-4AD9-BEB4-93813C73AC03}.Release|Any CPU.Build.0 = Release|Any CPU
		{46F258A4-1E2F-4498-BA97-9BBD7B09EBCC}.Debug|Any CPU.ActiveCfg = Debug|Any CPU
		{46F258A4-1E2F-4498-BA97-9BBD7B09EBCC}.Debug|Any CPU.Build.0 = Debug|Any CPU
		{46F258A4-1E2F-4498-BA97-9BBD7B09EBCC}.Release|Any CPU.ActiveCfg = Release|Any CPU
		{46F258A4-1E2F-4498-BA97-9BBD7B09EBCC}.Release|Any CPU.Build.0 = Release|Any CPU
	EndGlobalSection
	GlobalSection(SolutionProperties) = preSolution
		HideSolutionNode = FALSE
	EndGlobalSection
	GlobalSection(ExtensibilityGlobals) = postSolution
		SolutionGuid = {74F997E5-C2DF-4694-AA40-5E2B943CC4CF}
	EndGlobalSection
EndGlobal
